
Microsoft Visual Studio Solution File, Format Version 11.00
# Visual Studio 2010
Project("{8BC9CEB8-8B4A-11D0-8D11-00A0C91BC942}") = "asteoriden", "asteoriden.vcxproj", "{1AEB78E4-7839-4E46-B06C-5778D9CA15E4}"
EndProject
Global
	GlobalSection(SolutionConfigurationPlatforms) = preSolution
		Debug|Win32 = Debug|Win32
		release_noConsole|Win32 = release_noConsole|Win32
		Release|Win32 = Release|Win32
	EndGlobalSection
	GlobalSection(ProjectConfigurationPlatforms) = postSolution
		{1AEB78E4-7839-4E46-B06C-5778D9CA15E4}.Debug|Win32.ActiveCfg = Debug|Win32
		{1AEB78E4-7839-4E46-B06C-5778D9CA15E4}.Debug|Win32.Build.0 = Debug|Win32
		{1AEB78E4-7839-4E46-B06C-5778D9CA15E4}.release_noConsole|Win32.ActiveCfg = release_noConsole|Win32
		{1AEB78E4-7839-4E46-B06C-5778D9CA15E4}.release_noConsole|Win32.Build.0 = release_noConsole|Win32
		{1AEB78E4-7839-4E46-B06C-5778D9CA15E4}.Release|Win32.ActiveCfg = Release|Win32
		{1AEB78E4-7839-4E46-B06C-5778D9CA15E4}.Release|Win32.Build.0 = Release|Win32
	EndGlobalSection
	GlobalSection(SolutionProperties) = preSolution
		HideSolutionNode = FALSE
	EndGlobalSection
EndGlobal
